{
    "version": 3,
    "terraform_version": "0.9.5",
    "serial": 33,
    "lineage": "201637e0-6142-476b-b005-e718ba6a2433",
    "modules": [
        {
            "path": [
                "root"
            ],
            "outputs": {
                "elb_dns": {
                    "sensitive": false,
                    "type": "string",
                    "value": "terraform-api-elb-1187273602.ap-northeast-1.elb.amazonaws.com"
                },
                "security_group_id": {
                    "sensitive": false,
                    "type": "string",
                    "value": "sg-a1cbd9c6"
                },
                "subnet_2_id": {
                    "sensitive": false,
                    "type": "string",
                    "value": "subnet-13087b4b"
                },
                "subnet_id": {
                    "sensitive": false,
                    "type": "string",
                    "value": "subnet-597e4d2f"
                },
                "vpc_id": {
                    "sensitive": false,
                    "type": "string",
                    "value": "vpc-7e23461a"
                }
            },
            "resources": {
                "aws_autoscaling_group.api_asg": {
                    "type": "aws_autoscaling_group",
                    "depends_on": [
                        "aws_elb.external",
                        "aws_launch_configuration.api_lc",
                        "aws_subnet.public",
                        "aws_subnet.public_2"
                    ],
                    "primary": {
                        "id": "terraform-api-asg",
                        "attributes": {
                            "arn": "arn:aws:autoscaling:ap-northeast-1:562435487773:autoScalingGroup:2efaaaeb-b2fc-4a1c-bb9e-302dca4a70c2:autoScalingGroupName/terraform-api-asg",
                            "availability_zones.#": "2",
                            "availability_zones.249779250": "ap-northeast-1c",
                            "availability_zones.3773642014": "ap-northeast-1a",
                            "default_cooldown": "300",
                            "desired_capacity": "1",
                            "force_delete": "false",
                            "health_check_grace_period": "300",
                            "health_check_type": "ELB",
                            "id": "terraform-api-asg",
                            "launch_configuration": "terraform_api_lc",
                            "load_balancers.#": "1",
                            "load_balancers.371506434": "terraform-api-elb",
                            "max_size": "2",
                            "metrics_granularity": "1Minute",
                            "min_size": "1",
                            "name": "terraform-api-asg",
                            "placement_group": "",
                            "protect_from_scale_in": "false",
                            "suspended_processes.#": "0",
                            "tag.#": "0",
                            "target_group_arns.#": "0",
                            "termination_policies.#": "0",
                            "vpc_zone_identifier.#": "2",
                            "vpc_zone_identifier.1830824659": "subnet-597e4d2f",
                            "vpc_zone_identifier.3616796774": "subnet-13087b4b",
                            "wait_for_capacity_timeout": "10m"
                        },
                        "meta": {},
                        "tainted": false
                    },
                    "deposed": [],
                    "provider": ""
                },
                "aws_elb.external": {
                    "type": "aws_elb",
                    "depends_on": [
                        "aws_instance.backend",
                        "aws_instance.backend_2",
                        "aws_security_group.api_elb_sg",
                        "aws_subnet.public",
                        "aws_subnet.public_2"
                    ],
                    "primary": {
                        "id": "terraform-api-elb",
                        "attributes": {
                            "access_logs.#": "0",
                            "availability_zones.#": "2",
                            "availability_zones.249779250": "ap-northeast-1c",
                            "availability_zones.3773642014": "ap-northeast-1a",
                            "connection_draining": "true",
                            "connection_draining_timeout": "400",
                            "cross_zone_load_balancing": "true",
                            "dns_name": "terraform-api-elb-1187273602.ap-northeast-1.elb.amazonaws.com",
                            "health_check.#": "1",
                            "health_check.0.healthy_threshold": "2",
                            "health_check.0.interval": "30",
                            "health_check.0.target": "HTTP:2712/health",
                            "health_check.0.timeout": "3",
                            "health_check.0.unhealthy_threshold": "2",
                            "id": "terraform-api-elb",
                            "idle_timeout": "400",
                            "instances.#": "1",
                            "instances.1655290153": "i-094308ab42f56971a",
                            "internal": "false",
                            "listener.#": "1",
                            "listener.2423274717.instance_port": "2712",
                            "listener.2423274717.instance_protocol": "http",
                            "listener.2423274717.lb_port": "80",
                            "listener.2423274717.lb_protocol": "http",
                            "listener.2423274717.ssl_certificate_id": "",
                            "name": "terraform-api-elb",
                            "security_groups.#": "1",
                            "security_groups.3030351711": "sg-57648e31",
                            "source_security_group": "562435487773/api_elb_sg",
                            "source_security_group_id": "sg-57648e31",
                            "subnets.#": "2",
                            "subnets.1830824659": "subnet-597e4d2f",
                            "subnets.3616796774": "subnet-13087b4b",
                            "tags.%": "1",
                            "tags.Name": "terraform-api-elb",
                            "zone_id": "Z14GRHDCWA56QT"
                        },
                        "meta": {},
                        "tainted": false
                    },
                    "deposed": [],
                    "provider": ""
                },
                "aws_iam_instance_profile.s3": {
                    "type": "aws_iam_instance_profile",
                    "depends_on": [
                        "aws_iam_role.s3"
                    ],
                    "primary": {
                        "id": "s3",
                        "attributes": {
                            "arn": "arn:aws:iam::562435487773:instance-profile/s3",
                            "id": "s3",
                            "name": "s3",
                            "path": "/",
                            "role": "s3_role",
                            "roles.#": "1",
                            "roles.241986983": "s3_role",
                            "unique_id": "AIPAIXKT3OWQH2DJ5ZVAS"
                        },
                        "meta": {},
                        "tainted": false
                    },
                    "deposed": [],
                    "provider": ""
                },
                "aws_iam_role.s3": {
                    "type": "aws_iam_role",
                    "depends_on": [],
                    "primary": {
                        "id": "s3_role",
                        "attributes": {
                            "arn": "arn:aws:iam::562435487773:role/s3_role",
                            "assume_role_policy": "{\"Version\":\"2012-10-17\",\"Statement\":[{\"Sid\":\"\",\"Effect\":\"Allow\",\"Principal\":{\"Service\":\"ec2.amazonaws.com\"},\"Action\":\"sts:AssumeRole\"}]}",
                            "create_date": "2017-05-16T03:56:23Z",
                            "id": "s3_role",
                            "name": "s3_role",
                            "path": "/",
                            "unique_id": "AROAISKWW3AT5AWPKHLTE"
                        },
                        "meta": {},
                        "tainted": false
                    },
                    "deposed": [],
                    "provider": ""
                },
                "aws_iam_role_policy.s3_policy": {
                    "type": "aws_iam_role_policy",
                    "depends_on": [
                        "aws_iam_role.s3"
                    ],
                    "primary": {
                        "id": "s3_role:s3_policy",
                        "attributes": {
                            "id": "s3_role:s3_policy",
                            "name": "s3_policy",
                            "policy": "{\r\n  \"Version\": \"2012-10-17\",\r\n  \"Statement\": [\r\n    {\r\n      \"Effect\": \"Allow\",\r\n      \"Action\": \"s3:*\",\r\n      \"Resource\": \"*\"\r\n    }\r\n  ]\r\n}",
                            "role": "s3_role"
                        },
                        "meta": {},
                        "tainted": false
                    },
                    "deposed": [],
                    "provider": ""
                },
                "aws_internet_gateway.gw": {
                    "type": "aws_internet_gateway",
                    "depends_on": [
                        "aws_vpc.main"
                    ],
                    "primary": {
                        "id": "igw-bef7e6db",
                        "attributes": {
                            "id": "igw-bef7e6db",
                            "tags.%": "1",
                            "tags.Name": "terraform-api-gw",
                            "vpc_id": "vpc-7e23461a"
                        },
                        "meta": {},
                        "tainted": false
                    },
                    "deposed": [],
                    "provider": ""
                },
                "aws_launch_configuration.api_lc": {
                    "type": "aws_launch_configuration",
                    "depends_on": [
                        "aws_iam_instance_profile.s3",
                        "aws_security_group.api_sg"
                    ],
                    "primary": {
                        "id": "terraform_api_lc",
                        "attributes": {
                            "associate_public_ip_address": "true",
                            "ebs_block_device.#": "0",
                            "ebs_optimized": "false",
                            "enable_monitoring": "true",
                            "ephemeral_block_device.#": "0",
                            "iam_instance_profile": "s3",
                            "id": "terraform_api_lc",
                            "image_id": "ami-5de0433c",
                            "instance_type": "t2.micro",
                            "key_name": "devops",
                            "name": "terraform_api_lc",
                            "root_block_device.#": "0",
                            "security_groups.#": "1",
                            "security_groups.764525391": "sg-a1cbd9c6",
                            "spot_price": "",
                            "user_data": "c1fd56a1b8fb28e8d8c6dcec1e4c8d871f84cc36",
                            "vpc_classic_link_id": "",
                            "vpc_classic_link_security_groups.#": "0"
                        },
                        "meta": {},
                        "tainted": false
                    },
                    "deposed": [],
                    "provider": ""
                },
                "aws_route_table.public": {
                    "type": "aws_route_table",
                    "depends_on": [
                        "aws_internet_gateway.gw",
                        "aws_vpc.main"
                    ],
                    "primary": {
                        "id": "rtb-692b1f0d",
                        "attributes": {
                            "id": "rtb-692b1f0d",
                            "propagating_vgws.#": "0",
                            "route.#": "1",
                            "route.2954389.cidr_block": "0.0.0.0/0",
                            "route.2954389.egress_only_gateway_id": "",
                            "route.2954389.gateway_id": "igw-bef7e6db",
                            "route.2954389.instance_id": "",
                            "route.2954389.ipv6_cidr_block": "",
                            "route.2954389.nat_gateway_id": "",
                            "route.2954389.network_interface_id": "",
                            "route.2954389.vpc_peering_connection_id": "",
                            "tags.%": "1",
                            "tags.Name": "terraform-api-public-rt",
                            "vpc_id": "vpc-7e23461a"
                        },
                        "meta": {},
                        "tainted": false
                    },
                    "deposed": [],
                    "provider": ""
                },
                "aws_route_table.public_2": {
                    "type": "aws_route_table",
                    "depends_on": [
                        "aws_internet_gateway.gw",
                        "aws_vpc.main"
                    ],
                    "primary": {
                        "id": "rtb-f4c7fd90",
                        "attributes": {
                            "id": "rtb-f4c7fd90",
                            "propagating_vgws.#": "0",
                            "route.#": "1",
                            "route.2954389.cidr_block": "0.0.0.0/0",
                            "route.2954389.egress_only_gateway_id": "",
                            "route.2954389.gateway_id": "igw-bef7e6db",
                            "route.2954389.instance_id": "",
                            "route.2954389.ipv6_cidr_block": "",
                            "route.2954389.nat_gateway_id": "",
                            "route.2954389.network_interface_id": "",
                            "route.2954389.vpc_peering_connection_id": "",
                            "tags.%": "1",
                            "tags.Name": "terraform-api-public-rt-2",
                            "vpc_id": "vpc-7e23461a"
                        },
                        "meta": {},
                        "tainted": false
                    },
                    "deposed": [],
                    "provider": ""
                },
                "aws_route_table_association.public": {
                    "type": "aws_route_table_association",
                    "depends_on": [
                        "aws_route_table.public",
                        "aws_subnet.public"
                    ],
                    "primary": {
                        "id": "rtbassoc-da0a97bd",
                        "attributes": {
                            "id": "rtbassoc-da0a97bd",
                            "route_table_id": "rtb-692b1f0d",
                            "subnet_id": "subnet-597e4d2f"
                        },
                        "meta": {},
                        "tainted": false
                    },
                    "deposed": [],
                    "provider": ""
                },
                "aws_route_table_association.public_2": {
                    "type": "aws_route_table_association",
                    "depends_on": [
                        "aws_route_table.public_2",
                        "aws_subnet.public_2"
                    ],
                    "primary": {
                        "id": "rtbassoc-220b9645",
                        "attributes": {
                            "id": "rtbassoc-220b9645",
                            "route_table_id": "rtb-f4c7fd90",
                            "subnet_id": "subnet-13087b4b"
                        },
                        "meta": {},
                        "tainted": false
                    },
                    "deposed": [],
                    "provider": ""
                },
                "aws_security_group.api_elb_sg": {
                    "type": "aws_security_group",
                    "depends_on": [
                        "aws_vpc.main"
                    ],
                    "primary": {
                        "id": "sg-57648e31",
                        "attributes": {
                            "description": "Accept Connect to ELB",
                            "egress.#": "1",
                            "egress.482069346.cidr_blocks.#": "1",
                            "egress.482069346.cidr_blocks.0": "0.0.0.0/0",
                            "egress.482069346.from_port": "0",
                            "egress.482069346.ipv6_cidr_blocks.#": "0",
                            "egress.482069346.prefix_list_ids.#": "0",
                            "egress.482069346.protocol": "-1",
                            "egress.482069346.security_groups.#": "0",
                            "egress.482069346.self": "false",
                            "egress.482069346.to_port": "0",
                            "id": "sg-57648e31",
                            "ingress.#": "1",
                            "ingress.2214680975.cidr_blocks.#": "1",
                            "ingress.2214680975.cidr_blocks.0": "0.0.0.0/0",
                            "ingress.2214680975.from_port": "80",
                            "ingress.2214680975.ipv6_cidr_blocks.#": "0",
                            "ingress.2214680975.protocol": "tcp",
                            "ingress.2214680975.security_groups.#": "0",
                            "ingress.2214680975.self": "false",
                            "ingress.2214680975.to_port": "80",
                            "name": "api_elb_sg",
                            "owner_id": "562435487773",
                            "tags.%": "1",
                            "tags.Name": "terraform-api-elb-sg",
                            "vpc_id": "vpc-7e23461a"
                        },
                        "meta": {},
                        "tainted": false
                    },
                    "deposed": [],
                    "provider": ""
                },
                "aws_security_group.api_sg": {
                    "type": "aws_security_group",
                    "depends_on": [
                        "aws_subnet.public",
                        "aws_vpc.main"
                    ],
                    "primary": {
                        "id": "sg-a1cbd9c6",
                        "attributes": {
                            "description": "Accept SSH to backend Instance from anyone",
                            "egress.#": "1",
                            "egress.482069346.cidr_blocks.#": "1",
                            "egress.482069346.cidr_blocks.0": "0.0.0.0/0",
                            "egress.482069346.from_port": "0",
                            "egress.482069346.ipv6_cidr_blocks.#": "0",
                            "egress.482069346.prefix_list_ids.#": "0",
                            "egress.482069346.protocol": "-1",
                            "egress.482069346.security_groups.#": "0",
                            "egress.482069346.self": "false",
                            "egress.482069346.to_port": "0",
                            "id": "sg-a1cbd9c6",
                            "ingress.#": "2",
                            "ingress.1173890415.cidr_blocks.#": "1",
                            "ingress.1173890415.cidr_blocks.0": "0.0.0.0/0",
                            "ingress.1173890415.from_port": "2712",
                            "ingress.1173890415.ipv6_cidr_blocks.#": "0",
                            "ingress.1173890415.protocol": "tcp",
                            "ingress.1173890415.security_groups.#": "0",
                            "ingress.1173890415.self": "false",
                            "ingress.1173890415.to_port": "2712",
                            "ingress.2541437006.cidr_blocks.#": "1",
                            "ingress.2541437006.cidr_blocks.0": "0.0.0.0/0",
                            "ingress.2541437006.from_port": "22",
                            "ingress.2541437006.ipv6_cidr_blocks.#": "0",
                            "ingress.2541437006.protocol": "tcp",
                            "ingress.2541437006.security_groups.#": "0",
                            "ingress.2541437006.self": "false",
                            "ingress.2541437006.to_port": "22",
                            "name": "api_sg",
                            "owner_id": "562435487773",
                            "tags.%": "1",
                            "tags.Name": "terraform-api-sg",
                            "vpc_id": "vpc-7e23461a"
                        },
                        "meta": {},
                        "tainted": false
                    },
                    "deposed": [],
                    "provider": ""
                },
                "aws_subnet.public": {
                    "type": "aws_subnet",
                    "depends_on": [
                        "aws_internet_gateway.gw",
                        "aws_vpc.main"
                    ],
                    "primary": {
                        "id": "subnet-597e4d2f",
                        "attributes": {
                            "assign_ipv6_address_on_creation": "false",
                            "availability_zone": "ap-northeast-1a",
                            "cidr_block": "10.0.0.0/24",
                            "id": "subnet-597e4d2f",
                            "map_public_ip_on_launch": "false",
                            "tags.%": "1",
                            "tags.Name": "terraform-api-public-subnet",
                            "vpc_id": "vpc-7e23461a"
                        },
                        "meta": {
                            "schema_version": "1"
                        },
                        "tainted": false
                    },
                    "deposed": [],
                    "provider": ""
                },
                "aws_subnet.public_2": {
                    "type": "aws_subnet",
                    "depends_on": [
                        "aws_internet_gateway.gw",
                        "aws_vpc.main"
                    ],
                    "primary": {
                        "id": "subnet-13087b4b",
                        "attributes": {
                            "assign_ipv6_address_on_creation": "false",
                            "availability_zone": "ap-northeast-1c",
                            "cidr_block": "10.0.1.0/24",
                            "id": "subnet-13087b4b",
                            "map_public_ip_on_launch": "false",
                            "tags.%": "1",
                            "tags.Name": "terraform-api-public-subnet_2",
                            "vpc_id": "vpc-7e23461a"
                        },
                        "meta": {
                            "schema_version": "1"
                        },
                        "tainted": false
                    },
                    "deposed": [],
                    "provider": ""
                },
                "aws_vpc.main": {
                    "type": "aws_vpc",
                    "depends_on": [],
                    "primary": {
                        "id": "vpc-7e23461a",
                        "attributes": {
                            "assign_generated_ipv6_cidr_block": "false",
                            "cidr_block": "10.0.0.0/16",
                            "default_network_acl_id": "acl-fefca69a",
                            "default_route_table_id": "rtb-3f10245b",
                            "default_security_group_id": "sg-0ecbd969",
                            "dhcp_options_id": "dopt-4a7f8a2e",
                            "enable_classiclink": "false",
                            "enable_dns_hostnames": "true",
                            "enable_dns_support": "true",
                            "id": "vpc-7e23461a",
                            "instance_tenancy": "default",
                            "main_route_table_id": "rtb-3f10245b",
                            "tags.%": "1",
                            "tags.Name": "terraform-api-vpc"
                        },
                        "meta": {
                            "schema_version": "1"
                        },
                        "tainted": false
                    },
                    "deposed": [],
                    "provider": ""
                },
                "aws_vpc_endpoint.frontend_s3": {
                    "type": "aws_vpc_endpoint",
                    "depends_on": [
                        "aws_vpc.main"
                    ],
                    "primary": {
                        "id": "vpce-fe30c097",
                        "attributes": {
                            "cidr_blocks.#": "4",
                            "cidr_blocks.0": "52.219.0.0/20",
                            "cidr_blocks.1": "54.231.224.0/21",
                            "cidr_blocks.2": "52.219.16.0/22",
                            "cidr_blocks.3": "52.219.68.0/22",
                            "id": "vpce-fe30c097",
                            "policy": "{\"Statement\":[{\"Action\":\"*\",\"Effect\":\"Allow\",\"Principal\":\"*\",\"Resource\":\"*\"}],\"Version\":\"2008-10-17\"}",
                            "prefix_list_id": "pl-61a54008",
                            "route_table_ids.#": "2",
                            "route_table_ids.4126412518": "rtb-f4c7fd90",
                            "route_table_ids.515820248": "rtb-692b1f0d",
                            "service_name": "com.amazonaws.ap-northeast-1.s3",
                            "vpc_id": "vpc-7e23461a"
                        },
                        "meta": {},
                        "tainted": false
                    },
                    "deposed": [],
                    "provider": ""
                },
                "aws_vpc_endpoint_route_table_association.frontend-s3": {
                    "type": "aws_vpc_endpoint_route_table_association",
                    "depends_on": [
                        "aws_route_table.public",
                        "aws_vpc_endpoint.frontend_s3"
                    ],
                    "primary": {
                        "id": "a-vpce-fe30c097515820248",
                        "attributes": {
                            "id": "a-vpce-fe30c097515820248",
                            "route_table_id": "rtb-692b1f0d",
                            "vpc_endpoint_id": "vpce-fe30c097"
                        },
                        "meta": {},
                        "tainted": false
                    },
                    "deposed": [],
                    "provider": ""
                },
                "aws_vpc_endpoint_route_table_association.frontend-s3-2": {
                    "type": "aws_vpc_endpoint_route_table_association",
                    "depends_on": [
                        "aws_route_table.public_2",
                        "aws_vpc_endpoint.frontend_s3"
                    ],
                    "primary": {
                        "id": "a-vpce-fe30c0974126412518",
                        "attributes": {
                            "id": "a-vpce-fe30c0974126412518",
                            "route_table_id": "rtb-f4c7fd90",
                            "vpc_endpoint_id": "vpce-fe30c097"
                        },
                        "meta": {},
                        "tainted": false
                    },
                    "deposed": [],
                    "provider": ""
                },
                "data.terraform_remote_state.main": {
                    "type": "terraform_remote_state",
                    "depends_on": [],
                    "primary": {
                        "id": "2017-05-16 12:54:50.0751069 +0000 UTC",
                        "attributes": {
                            "backend": "s3",
                            "config.%": "3",
                            "config.bucket": "ple.terraform.state",
                            "config.key": "stage/services/frontend/terraform.state",
                            "config.region": "ap-northeast-1",
                            "environment": "default",
                            "id": "2017-05-16 12:54:50.0751069 +0000 UTC"
                        },
                        "meta": {},
                        "tainted": false
                    },
                    "deposed": [],
                    "provider": ""
                }
            },
            "depends_on": []
        }
    ]
}
