{
    "version": 3,
    "terraform_version": "0.9.2",
    "serial": 5,
    "lineage": "250e586c-2ed3-4cd1-90bd-f9fd30e4b842",
    "modules": [
        {
            "path": [
                "root"
            ],
            "outputs": {},
            "resources": {
                "aws_instance.test": {
                    "type": "aws_instance",
                    "depends_on": [
                        "aws_security_group.test",
                        "data.template_file.user_data",
                        "data.terraform_remote_state.vpc"
                    ],
                    "primary": {
                        "id": "i-0e467fe9f93066a15",
                        "attributes": {
                            "ami": "ami-5de0433c",
                            "associate_public_ip_address": "true",
                            "availability_zone": "ap-northeast-1a",
                            "disable_api_termination": "false",
                            "ebs_block_device.#": "0",
                            "ebs_optimized": "false",
                            "ephemeral_block_device.#": "0",
                            "iam_instance_profile": "",
                            "id": "i-0e467fe9f93066a15",
                            "instance_state": "running",
                            "instance_type": "t2.micro",
                            "ipv6_address_count": "0",
                            "ipv6_addresses.#": "0",
                            "key_name": "devops",
                            "monitoring": "false",
                            "network_interface_id": "eni-f93f40b6",
                            "private_dns": "ip-10-0-0-236.ap-northeast-1.compute.internal",
                            "private_ip": "10.0.0.236",
                            "public_dns": "ec2-52-197-125-128.ap-northeast-1.compute.amazonaws.com",
                            "public_ip": "52.197.125.128",
                            "root_block_device.#": "1",
                            "root_block_device.0.delete_on_termination": "true",
                            "root_block_device.0.iops": "100",
                            "root_block_device.0.volume_size": "10",
                            "root_block_device.0.volume_type": "gp2",
                            "security_groups.#": "0",
                            "source_dest_check": "true",
                            "subnet_id": "subnet-20cc9656",
                            "tags.%": "1",
                            "tags.Name": "terraform-test-instance",
                            "tenancy": "default",
                            "user_data": "687891a7622ffa7206f4416e458fe006bbf8210a",
                            "vpc_security_group_ids.#": "1",
                            "vpc_security_group_ids.3354756104": "sg-bc5c5fdb"
                        },
                        "meta": {
                            "schema_version": "1"
                        },
                        "tainted": false
                    },
                    "deposed": [],
                    "provider": ""
                },
                "aws_security_group.test": {
                    "type": "aws_security_group",
                    "depends_on": [
                        "data.terraform_remote_state.vpc"
                    ],
                    "primary": {
                        "id": "sg-bc5c5fdb",
                        "attributes": {
                            "description": "test",
                            "egress.#": "0",
                            "id": "sg-bc5c5fdb",
                            "ingress.#": "1",
                            "ingress.2541437006.cidr_blocks.#": "1",
                            "ingress.2541437006.cidr_blocks.0": "0.0.0.0/0",
                            "ingress.2541437006.from_port": "22",
                            "ingress.2541437006.ipv6_cidr_blocks.#": "0",
                            "ingress.2541437006.protocol": "tcp",
                            "ingress.2541437006.security_groups.#": "0",
                            "ingress.2541437006.self": "false",
                            "ingress.2541437006.to_port": "22",
                            "name": "terraform-test-sg",
                            "owner_id": "562435487773",
                            "tags.%": "1",
                            "tags.Name": "terraform-test-sg",
                            "vpc_id": "vpc-14ba2870"
                        },
                        "meta": {},
                        "tainted": false
                    },
                    "deposed": [],
                    "provider": ""
                },
                "data.aws_availability_zones.available": {
                    "type": "aws_availability_zones",
                    "depends_on": [],
                    "primary": {
                        "id": "2017-04-11 10:02:58.7230155 +0000 UTC",
                        "attributes": {
                            "id": "2017-04-11 10:02:58.7230155 +0000 UTC",
                            "names.#": "2",
                            "names.0": "ap-northeast-1a",
                            "names.1": "ap-northeast-1c",
                            "state": "available"
                        },
                        "meta": {},
                        "tainted": false
                    },
                    "deposed": [],
                    "provider": ""
                },
                "data.template_file.user_data": {
                    "type": "template_file",
                    "depends_on": [],
                    "primary": {
                        "id": "bad9b8a41954d8d542d17c65dd58721de2ce37fc491685858c6930dfdda02089",
                        "attributes": {
                            "id": "bad9b8a41954d8d542d17c65dd58721de2ce37fc491685858c6930dfdda02089",
                            "rendered": "init.tpl",
                            "template": "init.tpl"
                        },
                        "meta": {},
                        "tainted": false
                    },
                    "deposed": [],
                    "provider": ""
                },
                "data.terraform_remote_state.vpc": {
                    "type": "terraform_remote_state",
                    "depends_on": [],
                    "primary": {
                        "id": "2017-04-11 10:02:57.3453406 +0000 UTC",
                        "attributes": {
                            "backend": "s3",
                            "config.%": "3",
                            "config.bucket": "ple.terraform.state",
                            "config.key": "dev/vpc-simple/terraform.tfstate",
                            "config.region": "ap-northeast-1",
                            "environment": "default",
                            "id": "2017-04-11 10:02:57.3453406 +0000 UTC",
                            "public_subnet_id": "subnet-20cc9656",
                            "vpc_id": "vpc-14ba2870"
                        },
                        "meta": {},
                        "tainted": false
                    },
                    "deposed": [],
                    "provider": ""
                }
            },
            "depends_on": []
        }
    ]
}
