{
    "version": 3,
    "terraform_version": "0.9.2",
    "serial": 17,
    "lineage": "250e586c-2ed3-4cd1-90bd-f9fd30e4b842",
    "modules": [
        {
            "path": [
                "root"
            ],
            "outputs": {},
            "resources": {
                "aws_instance.test": {
                    "type": "aws_instance",
                    "depends_on": [
                        "aws_security_group.test",
                        "data.template_file.user_data",
                        "data.terraform_remote_state.vpc"
                    ],
                    "primary": {
                        "id": "i-0e927d462fc88df78",
                        "attributes": {
                            "ami": "ami-1bfdb67c",
                            "associate_public_ip_address": "true",
                            "availability_zone": "ap-northeast-1a",
                            "disable_api_termination": "false",
                            "ebs_block_device.#": "0",
                            "ebs_optimized": "false",
                            "ephemeral_block_device.#": "0",
                            "iam_instance_profile": "",
                            "id": "i-0e927d462fc88df78",
                            "instance_state": "running",
                            "instance_type": "t2.micro",
                            "ipv6_address_count": "0",
                            "ipv6_addresses.#": "0",
                            "key_name": "devops",
                            "monitoring": "false",
                            "network_interface_id": "eni-6ff08f20",
                            "private_dns": "ip-10-0-0-220.ap-northeast-1.compute.internal",
                            "private_ip": "10.0.0.220",
                            "public_dns": "ec2-54-64-42-159.ap-northeast-1.compute.amazonaws.com",
                            "public_ip": "54.64.42.159",
                            "root_block_device.#": "1",
                            "root_block_device.0.delete_on_termination": "true",
                            "root_block_device.0.iops": "100",
                            "root_block_device.0.volume_size": "8",
                            "root_block_device.0.volume_type": "gp2",
                            "security_groups.#": "0",
                            "source_dest_check": "true",
                            "subnet_id": "subnet-7cedb70a",
                            "tags.%": "1",
                            "tags.Name": "terraform-test-instance",
                            "tenancy": "default",
                            "user_data": "40701d5f90cfb95932891332ce37e974bfa79541",
                            "vpc_security_group_ids.#": "1",
                            "vpc_security_group_ids.2630392018": "sg-bc2526db"
                        },
                        "meta": {
                            "schema_version": "1"
                        },
                        "tainted": false
                    },
                    "deposed": [],
                    "provider": ""
                },
                "aws_security_group.test": {
                    "type": "aws_security_group",
                    "depends_on": [
                        "data.terraform_remote_state.vpc"
                    ],
                    "primary": {
                        "id": "sg-bc2526db",
                        "attributes": {
                            "description": "test",
                            "egress.#": "1",
                            "egress.482069346.cidr_blocks.#": "1",
                            "egress.482069346.cidr_blocks.0": "0.0.0.0/0",
                            "egress.482069346.from_port": "0",
                            "egress.482069346.ipv6_cidr_blocks.#": "0",
                            "egress.482069346.prefix_list_ids.#": "0",
                            "egress.482069346.protocol": "-1",
                            "egress.482069346.security_groups.#": "0",
                            "egress.482069346.self": "false",
                            "egress.482069346.to_port": "0",
                            "id": "sg-bc2526db",
                            "ingress.#": "3",
                            "ingress.2214680975.cidr_blocks.#": "1",
                            "ingress.2214680975.cidr_blocks.0": "0.0.0.0/0",
                            "ingress.2214680975.from_port": "80",
                            "ingress.2214680975.ipv6_cidr_blocks.#": "0",
                            "ingress.2214680975.protocol": "tcp",
                            "ingress.2214680975.security_groups.#": "0",
                            "ingress.2214680975.self": "false",
                            "ingress.2214680975.to_port": "80",
                            "ingress.2541437006.cidr_blocks.#": "1",
                            "ingress.2541437006.cidr_blocks.0": "0.0.0.0/0",
                            "ingress.2541437006.from_port": "22",
                            "ingress.2541437006.ipv6_cidr_blocks.#": "0",
                            "ingress.2541437006.protocol": "tcp",
                            "ingress.2541437006.security_groups.#": "0",
                            "ingress.2541437006.self": "false",
                            "ingress.2541437006.to_port": "22",
                            "ingress.2617001939.cidr_blocks.#": "1",
                            "ingress.2617001939.cidr_blocks.0": "0.0.0.0/0",
                            "ingress.2617001939.from_port": "443",
                            "ingress.2617001939.ipv6_cidr_blocks.#": "0",
                            "ingress.2617001939.protocol": "tcp",
                            "ingress.2617001939.security_groups.#": "0",
                            "ingress.2617001939.self": "false",
                            "ingress.2617001939.to_port": "443",
                            "name": "terraform-test-sg",
                            "owner_id": "562435487773",
                            "tags.%": "1",
                            "tags.Name": "terraform-test-sg",
                            "vpc_id": "vpc-1f55c77b"
                        },
                        "meta": {},
                        "tainted": false
                    },
                    "deposed": [],
                    "provider": ""
                },
                "data.aws_availability_zones.available": {
                    "type": "aws_availability_zones",
                    "depends_on": [],
                    "primary": {
                        "id": "2017-04-11 15:10:58.1554822 +0000 UTC",
                        "attributes": {
                            "id": "2017-04-11 15:10:58.1554822 +0000 UTC",
                            "names.#": "2",
                            "names.0": "ap-northeast-1a",
                            "names.1": "ap-northeast-1c",
                            "state": "available"
                        },
                        "meta": {},
                        "tainted": false
                    },
                    "deposed": [],
                    "provider": ""
                },
                "data.template_file.user_data": {
                    "type": "template_file",
                    "depends_on": [],
                    "primary": {
                        "id": "e25a9806ba24eb76d5a290cd5598faccf9f065d1dab16dc4b3ac80bcd4a6052b",
                        "attributes": {
                            "id": "e25a9806ba24eb76d5a290cd5598faccf9f065d1dab16dc4b3ac80bcd4a6052b",
                            "rendered": "sudo apt-get update -y\r\nsudo apt-get install nginx -y",
                            "template": "sudo apt-get update -y\r\nsudo apt-get install nginx -y"
                        },
                        "meta": {},
                        "tainted": false
                    },
                    "deposed": [],
                    "provider": ""
                },
                "data.terraform_remote_state.vpc": {
                    "type": "terraform_remote_state",
                    "depends_on": [],
                    "primary": {
                        "id": "2017-04-11 15:10:56.3963998 +0000 UTC",
                        "attributes": {
                            "backend": "s3",
                            "config.%": "3",
                            "config.bucket": "ple.terraform.state",
                            "config.key": "dev/vpc-simple/terraform.tfstate",
                            "config.region": "ap-northeast-1",
                            "environment": "default",
                            "id": "2017-04-11 15:10:56.3963998 +0000 UTC",
                            "public_subnet_id": "subnet-7cedb70a",
                            "vpc_id": "vpc-1f55c77b"
                        },
                        "meta": {},
                        "tainted": false
                    },
                    "deposed": [],
                    "provider": ""
                }
            },
            "depends_on": []
        }
    ]
}
