{
    "version": 3,
    "terraform_version": "0.9.5",
    "serial": 15,
    "lineage": "40fb7224-0fb6-46c9-967a-4279a681dbbb",
    "modules": [
        {
            "path": [
                "root"
            ],
            "outputs": {},
            "resources": {
                "aws_instance.test": {
                    "type": "aws_instance",
                    "depends_on": [
                        "data.terraform_remote_state.vpc"
                    ],
                    "primary": {
                        "id": "i-0d14d5900f8b595f2",
                        "attributes": {
                            "ami": "ami-5de0433c",
                            "associate_public_ip_address": "true",
                            "availability_zone": "ap-northeast-1a",
                            "disable_api_termination": "false",
                            "ebs_block_device.#": "0",
                            "ebs_optimized": "false",
                            "ephemeral_block_device.#": "0",
                            "iam_instance_profile": "",
                            "id": "i-0d14d5900f8b595f2",
                            "instance_state": "running",
                            "instance_type": "t2.micro",
                            "ipv6_address_count": "0",
                            "ipv6_addresses.#": "0",
                            "key_name": "devops",
                            "monitoring": "false",
                            "network_interface.#": "0",
                            "network_interface_id": "eni-1418e15a",
                            "primary_network_interface_id": "eni-1418e15a",
                            "private_dns": "ip-10-0-0-50.ap-northeast-1.compute.internal",
                            "private_ip": "10.0.0.50",
                            "public_dns": "ec2-13-115-244-183.ap-northeast-1.compute.amazonaws.com",
                            "public_ip": "13.115.244.183",
                            "root_block_device.#": "1",
                            "root_block_device.0.delete_on_termination": "true",
                            "root_block_device.0.iops": "100",
                            "root_block_device.0.volume_size": "10",
                            "root_block_device.0.volume_type": "gp2",
                            "security_groups.#": "0",
                            "source_dest_check": "true",
                            "subnet_id": "subnet-597e4d2f",
                            "tags.%": "1",
                            "tags.Name": "terraform-test-instance",
                            "tenancy": "default",
                            "user_data": "15195861bf12db46df7e6df4cf0ead6d98b6d9f8",
                            "volume_tags.%": "0",
                            "vpc_security_group_ids.#": "1",
                            "vpc_security_group_ids.764525391": "sg-a1cbd9c6"
                        },
                        "meta": {
                            "schema_version": "1"
                        },
                        "tainted": false
                    },
                    "deposed": [],
                    "provider": ""
                },
                "data.terraform_remote_state.vpc": {
                    "type": "terraform_remote_state",
                    "depends_on": [],
                    "primary": {
                        "id": "2017-05-16 09:15:44.3286729 +0000 UTC",
                        "attributes": {
                            "backend": "s3",
                            "config.%": "3",
                            "config.bucket": "ple.terraform.state",
                            "config.key": "stage/vpc/terraform.tfstate",
                            "config.region": "ap-northeast-1",
                            "elb_dns": "terraform-api-elb-1187273602.ap-northeast-1.elb.amazonaws.com",
                            "environment": "default",
                            "id": "2017-05-16 09:15:44.3286729 +0000 UTC",
                            "instance_dns": "ec2-13-113-61-245.ap-northeast-1.compute.amazonaws.com",
                            "instance_dns-2": "ec2-54-64-116-51.ap-northeast-1.compute.amazonaws.com",
                            "instance_ip": "13.113.61.245",
                            "instance_ip-2": "54.64.116.51",
                            "security_group_id": "sg-a1cbd9c6",
                            "subnet_2_id": "subnet-13087b4b",
                            "subnet_id": "subnet-597e4d2f",
                            "vpc_id": "vpc-7e23461a"
                        },
                        "meta": {},
                        "tainted": false
                    },
                    "deposed": [],
                    "provider": ""
                }
            },
            "depends_on": []
        }
    ]
}
